version = 1
requires-python = ">=3.11"

[[package]]
name = "pacopts"
version = "0.1.0"
source = { virtual = "." }
dependencies = [
    { name = "termcolor" },
]

[package.metadata]
requires-dist = [{ name = "termcolor", specifier = ">=2.4.0" }]

[[package]]
name = "termcolor"
version = "2.5.0"
source = { registry = "https://pypi.org/simple" }
sdist = { url = "https://files.pythonhosted.org/packages/37/72/88311445fd44c455c7d553e61f95412cf89054308a1aa2434ab835075fc5/termcolor-2.5.0.tar.gz", hash = "sha256:998d8d27da6d48442e8e1f016119076b690d962507531df4890fcd2db2ef8a6f", size = 13057 }
wheels = [
    { url = "https://files.pythonhosted.org/packages/7f/be/df630c387a0a054815d60be6a97eb4e8f17385d5d6fe660e1c02750062b4/termcolor-2.5.0-py3-none-any.whl", hash = "sha256:37b17b5fc1e604945c2642c872a3764b5d547a48009871aea3edd3afa180afb8", size = 7755 },
]
